// !$*UTF8*$!
{
	archiveVersion = 1;
	classes = {
	};
	objectVersion = 46;
	objects = {

/* Begin PBXBuildFile section */
		0081E1D0160BE8B200EB0B05 /* ESJSON.m in Sources */ = {isa = PBXBuildFile; fileRef = 0081E1B8160BE8B200EB0B05 /* ESJSON.m */; };
		0081E1D1160BE8B200EB0B05 /* ESJsonParser.m in Sources */ = {isa = PBXBuildFile; fileRef = 0081E1BA160BE8B200EB0B05 /* ESJsonParser.m */; };
		0081E1D2160BE8B200EB0B05 /* ESJsonStreamParser.m in Sources */ = {isa = PBXBuildFile; fileRef = 0081E1BC160BE8B200EB0B05 /* ESJsonStreamParser.m */; };
		0081E1D3160BE8B200EB0B05 /* ESJsonStreamParserAccumulator.m in Sources */ = {isa = PBXBuildFile; fileRef = 0081E1BE160BE8B200EB0B05 /* ESJsonStreamParserAccumulator.m */; };
		0081E1D4160BE8B200EB0B05 /* ESJsonStreamParserAdapter.m in Sources */ = {isa = PBXBuildFile; fileRef = 0081E1C0160BE8B200EB0B05 /* ESJsonStreamParserAdapter.m */; };
		0081E1D5160BE8B200EB0B05 /* ESJsonStreamParserState.m in Sources */ = {isa = PBXBuildFile; fileRef = 0081E1C2160BE8B200EB0B05 /* ESJsonStreamParserState.m */; };
		0081E1D6160BE8B200EB0B05 /* ESJsonStreamWriter.m in Sources */ = {isa = PBXBuildFile; fileRef = 0081E1C4160BE8B200EB0B05 /* ESJsonStreamWriter.m */; };
		0081E1D7160BE8B200EB0B05 /* ESJsonStreamWriterAccumulator.m in Sources */ = {isa = PBXBuildFile; fileRef = 0081E1C6160BE8B200EB0B05 /* ESJsonStreamWriterAccumulator.m */; };
		0081E1D8160BE8B200EB0B05 /* ESJsonStreamWriterState.m in Sources */ = {isa = PBXBuildFile; fileRef = 0081E1C8160BE8B200EB0B05 /* ESJsonStreamWriterState.m */; };
		0081E1D9160BE8B200EB0B05 /* ESJsonTokeniser.m in Sources */ = {isa = PBXBuildFile; fileRef = 0081E1CA160BE8B200EB0B05 /* ESJsonTokeniser.m */; };
		0081E1DA160BE8B200EB0B05 /* ESJsonUTF8Stream.m in Sources */ = {isa = PBXBuildFile; fileRef = 0081E1CC160BE8B200EB0B05 /* ESJsonUTF8Stream.m */; };
		0081E1DB160BE8B200EB0B05 /* ESJsonWriter.m in Sources */ = {isa = PBXBuildFile; fileRef = 0081E1CE160BE8B200EB0B05 /* ESJsonWriter.m */; };
		0081E1DE160BE8BF00EB0B05 /* NetworkConnector.m in Sources */ = {isa = PBXBuildFile; fileRef = 0081E1DD160BE8BF00EB0B05 /* NetworkConnector.m */; };
		0081E1E1160BE8D400EB0B05 /* NSObject+ESJson.m in Sources */ = {isa = PBXBuildFile; fileRef = 0081E1E0160BE8D400EB0B05 /* NSObject+ESJson.m */; };
		229A0525160BB82A00319CE5 /* HomeViewController.m in Sources */ = {isa = PBXBuildFile; fileRef = 229A0524160BB82A00319CE5 /* HomeViewController.m */; };
		229A052C160BBB1600319CE5 /* GameTableViewCell.m in Sources */ = {isa = PBXBuildFile; fileRef = 229A052B160BBB1600319CE5 /* GameTableViewCell.m */; };
		229A052F160BBB8600319CE5 /* Game.m in Sources */ = {isa = PBXBuildFile; fileRef = 229A052E160BBB8600319CE5 /* Game.m */; };
		229A0532160BBD1F00319CE5 /* GameTableViewDataSource.m in Sources */ = {isa = PBXBuildFile; fileRef = 229A0531160BBD1F00319CE5 /* GameTableViewDataSource.m */; };
		229A0535160BC21900319CE5 /* EntryTableViewCell.m in Sources */ = {isa = PBXBuildFile; fileRef = 229A0534160BC21900319CE5 /* EntryTableViewCell.m */; };
		229A0538160BC2D600319CE5 /* Entry.m in Sources */ = {isa = PBXBuildFile; fileRef = 229A0537160BC2D600319CE5 /* Entry.m */; };
		229A053B160BC3F300319CE5 /* EntryTableViewDataSource.m in Sources */ = {isa = PBXBuildFile; fileRef = 229A053A160BC3F200319CE5 /* EntryTableViewDataSource.m */; };
		229A054B160BCC8F00319CE5 /* FacebookSDK.framework in Frameworks */ = {isa = PBXBuildFile; fileRef = 229A054A160BCC8F00319CE5 /* FacebookSDK.framework */; };
		229A054E160BCEC400319CE5 /* GameDetailsViewController.m in Sources */ = {isa = PBXBuildFile; fileRef = 229A054D160BCEC300319CE5 /* GameDetailsViewController.m */; };
		22CA62CA160BDB920095B40D /* Title.xib in Resources */ = {isa = PBXBuildFile; fileRef = 96203CA7160BD229004A9468 /* Title.xib */; };
		22CA62CB160BDB960095B40D /* EntryTableViewCell.xib in Resources */ = {isa = PBXBuildFile; fileRef = 96203CA3160BD229004A9468 /* EntryTableViewCell.xib */; };
		22CA62CC160BDB960095B40D /* GameDetails.xib in Resources */ = {isa = PBXBuildFile; fileRef = 96203CA4160BD229004A9468 /* GameDetails.xib */; };
		22CA62CD160BDB960095B40D /* GameTableViewCell.xib in Resources */ = {isa = PBXBuildFile; fileRef = 96203CA5160BD229004A9468 /* GameTableViewCell.xib */; };
		22CA62CE160BDB960095B40D /* Home.xib in Resources */ = {isa = PBXBuildFile; fileRef = 96203CA6160BD229004A9468 /* Home.xib */; };
		22CA62DE160BEAE30095B40D /* Title.m in Sources */ = {isa = PBXBuildFile; fileRef = 22CA62DD160BEAE30095B40D /* Title.m */; };
		96203BB4160B866B004A9468 /* UIKit.framework in Frameworks */ = {isa = PBXBuildFile; fileRef = 96203BB3160B866B004A9468 /* UIKit.framework */; };
		96203BB6160B866B004A9468 /* Foundation.framework in Frameworks */ = {isa = PBXBuildFile; fileRef = 96203BB5160B866B004A9468 /* Foundation.framework */; };
		96203BB8160B866B004A9468 /* CoreGraphics.framework in Frameworks */ = {isa = PBXBuildFile; fileRef = 96203BB7160B866B004A9468 /* CoreGraphics.framework */; };
		96203BBE160B866B004A9468 /* InfoPlist.strings in Resources */ = {isa = PBXBuildFile; fileRef = 96203BBC160B866B004A9468 /* InfoPlist.strings */; };
		96203BC0160B866B004A9468 /* main.m in Sources */ = {isa = PBXBuildFile; fileRef = 96203BBF160B866B004A9468 /* main.m */; };
		96203BC4160B866B004A9468 /* AppDelegate.m in Sources */ = {isa = PBXBuildFile; fileRef = 96203BC3160B866B004A9468 /* AppDelegate.m */; };
		96203CB5160BE04E004A9468 /* Player.m in Sources */ = {isa = PBXBuildFile; fileRef = 96203CB4160BE04E004A9468 /* Player.m */; };
		96203CB8160BE521004A9468 /* ServerAPI.m in Sources */ = {isa = PBXBuildFile; fileRef = 96203CB7160BE521004A9468 /* ServerAPI.m */; };
		96203CEF160BEE51004A9468 /* app_icon_1024x1024.png in Resources */ = {isa = PBXBuildFile; fileRef = 96203CC1160BEE51004A9468 /* app_icon_1024x1024.png */; };
		96203CF0160BEE51004A9468 /* app_icon_768x1024.png in Resources */ = {isa = PBXBuildFile; fileRef = 96203CC2160BEE51004A9468 /* app_icon_768x1024.png */; };
		96203CF1160BEE51004A9468 /* button_horizontal_bar.png in Resources */ = {isa = PBXBuildFile; fileRef = 96203CC3160BEE51004A9468 /* button_horizontal_bar.png */; };
		96203CF2160BEE51004A9468 /* button_new_game.png in Resources */ = {isa = PBXBuildFile; fileRef = 96203CC4160BEE51004A9468 /* button_new_game.png */; };
		96203CF3160BEE51004A9468 /* button_submit.png in Resources */ = {isa = PBXBuildFile; fileRef = 96203CC5160BEE51004A9468 /* button_submit.png */; };
		96203CF4160BEE51004A9468 /* button_vote.png in Resources */ = {isa = PBXBuildFile; fileRef = 96203CC6160BEE51004A9468 /* button_vote.png */; };
		96203CF5160BEE51004A9468 /* input_background.png in Resources */ = {isa = PBXBuildFile; fileRef = 96203CC7160BEE51004A9468 /* input_background.png */; };
		96203CF6160BEE51004A9468 /* a.png in Resources */ = {isa = PBXBuildFile; fileRef = 96203CC9160BEE51004A9468 /* a.png */; };
		96203CF7160BEE51004A9468 /* b.png in Resources */ = {isa = PBXBuildFile; fileRef = 96203CCA160BEE51004A9468 /* b.png */; };
		96203CF8160BEE51004A9468 /* c.png in Resources */ = {isa = PBXBuildFile; fileRef = 96203CCB160BEE51004A9468 /* c.png */; };
		96203CF9160BEE51004A9468 /* d.png in Resources */ = {isa = PBXBuildFile; fileRef = 96203CCC160BEE51004A9468 /* d.png */; };
		96203CFA160BEE51004A9468 /* e.png in Resources */ = {isa = PBXBuildFile; fileRef = 96203CCD160BEE51004A9468 /* e.png */; };
		96203CFB160BEE51004A9468 /* f.png in Resources */ = {isa = PBXBuildFile; fileRef = 96203CCE160BEE51004A9468 /* f.png */; };
		96203CFC160BEE51004A9468 /* g.png in Resources */ = {isa = PBXBuildFile; fileRef = 96203CCF160BEE51004A9468 /* g.png */; };
		96203CFD160BEE51004A9468 /* h.png in Resources */ = {isa = PBXBuildFile; fileRef = 96203CD0160BEE51004A9468 /* h.png */; };
		96203CFE160BEE51004A9468 /* i.png in Resources */ = {isa = PBXBuildFile; fileRef = 96203CD1160BEE51004A9468 /* i.png */; };
		96203CFF160BEE51004A9468 /* j.png in Resources */ = {isa = PBXBuildFile; fileRef = 96203CD2160BEE51004A9468 /* j.png */; };
		96203D00160BEE51004A9468 /* k.png in Resources */ = {isa = PBXBuildFile; fileRef = 96203CD3160BEE51004A9468 /* k.png */; };
		96203D01160BEE51004A9468 /* l.png in Resources */ = {isa = PBXBuildFile; fileRef = 96203CD4160BEE51004A9468 /* l.png */; };
		96203D02160BEE51004A9468 /* m.png in Resources */ = {isa = PBXBuildFile; fileRef = 96203CD5160BEE51004A9468 /* m.png */; };
		96203D03160BEE51004A9468 /* n.png in Resources */ = {isa = PBXBuildFile; fileRef = 96203CD6160BEE51004A9468 /* n.png */; };
		96203D04160BEE51004A9468 /* o.png in Resources */ = {isa = PBXBuildFile; fileRef = 96203CD7160BEE51004A9468 /* o.png */; };
		96203D05160BEE51004A9468 /* p.png in Resources */ = {isa = PBXBuildFile; fileRef = 96203CD8160BEE51004A9468 /* p.png */; };
		96203D06160BEE51004A9468 /* q.png in Resources */ = {isa = PBXBuildFile; fileRef = 96203CD9160BEE51004A9468 /* q.png */; };
		96203D07160BEE51004A9468 /* r.png in Resources */ = {isa = PBXBuildFile; fileRef = 96203CDA160BEE51004A9468 /* r.png */; };
		96203D08160BEE51004A9468 /* s.png in Resources */ = {isa = PBXBuildFile; fileRef = 96203CDB160BEE51004A9468 /* s.png */; };
		96203D09160BEE51004A9468 /* t.png in Resources */ = {isa = PBXBuildFile; fileRef = 96203CDC160BEE51004A9468 /* t.png */; };
		96203D0A160BEE51004A9468 /* u.png in Resources */ = {isa = PBXBuildFile; fileRef = 96203CDD160BEE51004A9468 /* u.png */; };
		96203D0B160BEE51004A9468 /* v.png in Resources */ = {isa = PBXBuildFile; fileRef = 96203CDE160BEE51004A9468 /* v.png */; };
		96203D0C160BEE51004A9468 /* w.png in Resources */ = {isa = PBXBuildFile; fileRef = 96203CDF160BEE51004A9468 /* w.png */; };
		96203D0D160BEE51004A9468 /* x.png in Resources */ = {isa = PBXBuildFile; fileRef = 96203CE0160BEE51004A9468 /* x.png */; };
		96203D0E160BEE51004A9468 /* y.png in Resources */ = {isa = PBXBuildFile; fileRef = 96203CE1160BEE51004A9468 /* y.png */; };
		96203D0F160BEE51004A9468 /* z.png in Resources */ = {isa = PBXBuildFile; fileRef = 96203CE2160BEE51004A9468 /* z.png */; };
		96203D10160BEE51004A9468 /* logo.png in Resources */ = {isa = PBXBuildFile; fileRef = 96203CE3160BEE51004A9468 /* logo.png */; };
		96203D11160BEE51004A9468 /* phrase.png in Resources */ = {isa = PBXBuildFile; fileRef = 96203CE4160BEE51004A9468 /* phrase.png */; };
		96203D12160BEE51004A9468 /* tab_add_coins.png in Resources */ = {isa = PBXBuildFile; fileRef = 96203CE5160BEE51004A9468 /* tab_add_coins.png */; };
		96203D13160BEE51004A9468 /* tab_friends.png in Resources */ = {isa = PBXBuildFile; fileRef = 96203CE6160BEE51004A9468 /* tab_friends.png */; };
		96203D14160BEE51004A9468 /* tab_play.png in Resources */ = {isa = PBXBuildFile; fileRef = 96203CE7160BEE51004A9468 /* tab_play.png */; };
		96203D15160BEE51004A9468 /* logo-final-small.png in Resources */ = {isa = PBXBuildFile; fileRef = 96203CE8160BEE51004A9468 /* logo-final-small.png */; };
		96203D16160BEE51004A9468 /* logo-final.png in Resources */ = {isa = PBXBuildFile; fileRef = 96203CE9160BEE51004A9468 /* logo-final.png */; };
		96203D17160BEE51004A9468 /* mobile_input_screen.jpg in Resources */ = {isa = PBXBuildFile; fileRef = 96203CEB160BEE51004A9468 /* mobile_input_screen.jpg */; };
		96203D18160BEE51004A9468 /* mobile_title_screen.jpg in Resources */ = {isa = PBXBuildFile; fileRef = 96203CEC160BEE51004A9468 /* mobile_title_screen.jpg */; };
		96203D19160BEE51004A9468 /* mountain-new2.png in Resources */ = {isa = PBXBuildFile; fileRef = 96203CED160BEE51004A9468 /* mountain-new2.png */; };
		96203D1A160BEE51004A9468 /* paper2.jpg in Resources */ = {isa = PBXBuildFile; fileRef = 96203CEE160BEE51004A9468 /* paper2.jpg */; };
/* End PBXBuildFile section */

/* Begin PBXFileReference section */
		0081E1B7160BE8B200EB0B05 /* ESJSON.h */ = {isa = PBXFileReference; fileEncoding = 4; lastKnownFileType = sourcecode.c.h; path = ESJSON.h; sourceTree = "<group>"; };
		0081E1B8160BE8B200EB0B05 /* ESJSON.m */ = {isa = PBXFileReference; fileEncoding = 4; lastKnownFileType = sourcecode.c.objc; path = ESJSON.m; sourceTree = "<group>"; };
		0081E1B9160BE8B200EB0B05 /* ESJsonParser.h */ = {isa = PBXFileReference; fileEncoding = 4; lastKnownFileType = sourcecode.c.h; path = ESJsonParser.h; sourceTree = "<group>"; };
		0081E1BA160BE8B200EB0B05 /* ESJsonParser.m */ = {isa = PBXFileReference; fileEncoding = 4; lastKnownFileType = sourcecode.c.objc; path = ESJsonParser.m; sourceTree = "<group>"; };
		0081E1BB160BE8B200EB0B05 /* ESJsonStreamParser.h */ = {isa = PBXFileReference; fileEncoding = 4; lastKnownFileType = sourcecode.c.h; path = ESJsonStreamParser.h; sourceTree = "<group>"; };
		0081E1BC160BE8B200EB0B05 /* ESJsonStreamParser.m */ = {isa = PBXFileReference; fileEncoding = 4; lastKnownFileType = sourcecode.c.objc; path = ESJsonStreamParser.m; sourceTree = "<group>"; };
		0081E1BD160BE8B200EB0B05 /* ESJsonStreamParserAccumulator.h */ = {isa = PBXFileReference; fileEncoding = 4; lastKnownFileType = sourcecode.c.h; path = ESJsonStreamParserAccumulator.h; sourceTree = "<group>"; };
		0081E1BE160BE8B200EB0B05 /* ESJsonStreamParserAccumulator.m */ = {isa = PBXFileReference; fileEncoding = 4; lastKnownFileType = sourcecode.c.objc; path = ESJsonStreamParserAccumulator.m; sourceTree = "<group>"; };
		0081E1BF160BE8B200EB0B05 /* ESJsonStreamParserAdapter.h */ = {isa = PBXFileReference; fileEncoding = 4; lastKnownFileType = sourcecode.c.h; path = ESJsonStreamParserAdapter.h; sourceTree = "<group>"; };
		0081E1C0160BE8B200EB0B05 /* ESJsonStreamParserAdapter.m */ = {isa = PBXFileReference; fileEncoding = 4; lastKnownFileType = sourcecode.c.objc; path = ESJsonStreamParserAdapter.m; sourceTree = "<group>"; };
		0081E1C1160BE8B200EB0B05 /* ESJsonStreamParserState.h */ = {isa = PBXFileReference; fileEncoding = 4; lastKnownFileType = sourcecode.c.h; path = ESJsonStreamParserState.h; sourceTree = "<group>"; };
		0081E1C2160BE8B200EB0B05 /* ESJsonStreamParserState.m */ = {isa = PBXFileReference; fileEncoding = 4; lastKnownFileType = sourcecode.c.objc; path = ESJsonStreamParserState.m; sourceTree = "<group>"; };
		0081E1C3160BE8B200EB0B05 /* ESJsonStreamWriter.h */ = {isa = PBXFileReference; fileEncoding = 4; lastKnownFileType = sourcecode.c.h; path = ESJsonStreamWriter.h; sourceTree = "<group>"; };
		0081E1C4160BE8B200EB0B05 /* ESJsonStreamWriter.m */ = {isa = PBXFileReference; fileEncoding = 4; lastKnownFileType = sourcecode.c.objc; path = ESJsonStreamWriter.m; sourceTree = "<group>"; };
		0081E1C5160BE8B200EB0B05 /* ESJsonStreamWriterAccumulator.h */ = {isa = PBXFileReference; fileEncoding = 4; lastKnownFileType = sourcecode.c.h; path = ESJsonStreamWriterAccumulator.h; sourceTree = "<group>"; };
		0081E1C6160BE8B200EB0B05 /* ESJsonStreamWriterAccumulator.m */ = {isa = PBXFileReference; fileEncoding = 4; lastKnownFileType = sourcecode.c.objc; path = ESJsonStreamWriterAccumulator.m; sourceTree = "<group>"; };
		0081E1C7160BE8B200EB0B05 /* ESJsonStreamWriterState.h */ = {isa = PBXFileReference; fileEncoding = 4; lastKnownFileType = sourcecode.c.h; path = ESJsonStreamWriterState.h; sourceTree = "<group>"; };
		0081E1C8160BE8B200EB0B05 /* ESJsonStreamWriterState.m */ = {isa = PBXFileReference; fileEncoding = 4; lastKnownFileType = sourcecode.c.objc; path = ESJsonStreamWriterState.m; sourceTree = "<group>"; };
		0081E1C9160BE8B200EB0B05 /* ESJsonTokeniser.h */ = {isa = PBXFileReference; fileEncoding = 4; lastKnownFileType = sourcecode.c.h; path = ESJsonTokeniser.h; sourceTree = "<group>"; };
		0081E1CA160BE8B200EB0B05 /* ESJsonTokeniser.m */ = {isa = PBXFileReference; fileEncoding = 4; lastKnownFileType = sourcecode.c.objc; path = ESJsonTokeniser.m; sourceTree = "<group>"; };
		0081E1CB160BE8B200EB0B05 /* ESJsonUTF8Stream.h */ = {isa = PBXFileReference; fileEncoding = 4; lastKnownFileType = sourcecode.c.h; path = ESJsonUTF8Stream.h; sourceTree = "<group>"; };
		0081E1CC160BE8B200EB0B05 /* ESJsonUTF8Stream.m */ = {isa = PBXFileReference; fileEncoding = 4; lastKnownFileType = sourcecode.c.objc; path = ESJsonUTF8Stream.m; sourceTree = "<group>"; };
		0081E1CD160BE8B200EB0B05 /* ESJsonWriter.h */ = {isa = PBXFileReference; fileEncoding = 4; lastKnownFileType = sourcecode.c.h; path = ESJsonWriter.h; sourceTree = "<group>"; };
		0081E1CE160BE8B200EB0B05 /* ESJsonWriter.m */ = {isa = PBXFileReference; fileEncoding = 4; lastKnownFileType = sourcecode.c.objc; path = ESJsonWriter.m; sourceTree = "<group>"; };
		0081E1CF160BE8B200EB0B05 /* ESSBJson.h */ = {isa = PBXFileReference; fileEncoding = 4; lastKnownFileType = sourcecode.c.h; path = ESSBJson.h; sourceTree = "<group>"; };
		0081E1DC160BE8BF00EB0B05 /* NetworkConnector.h */ = {isa = PBXFileReference; fileEncoding = 4; lastKnownFileType = sourcecode.c.h; path = NetworkConnector.h; sourceTree = "<group>"; };
		0081E1DD160BE8BF00EB0B05 /* NetworkConnector.m */ = {isa = PBXFileReference; fileEncoding = 4; lastKnownFileType = sourcecode.c.objc; path = NetworkConnector.m; sourceTree = "<group>"; };
		0081E1DF160BE8D400EB0B05 /* NSObject+ESJson.h */ = {isa = PBXFileReference; fileEncoding = 4; lastKnownFileType = sourcecode.c.h; path = "NSObject+ESJson.h"; sourceTree = "<group>"; };
		0081E1E0160BE8D400EB0B05 /* NSObject+ESJson.m */ = {isa = PBXFileReference; fileEncoding = 4; lastKnownFileType = sourcecode.c.objc; path = "NSObject+ESJson.m"; sourceTree = "<group>"; };
		229A0523160BB82A00319CE5 /* HomeViewController.h */ = {isa = PBXFileReference; fileEncoding = 4; lastKnownFileType = sourcecode.c.h; name = HomeViewController.h; path = UI/HomeViewController.h; sourceTree = "<group>"; };
		229A0524160BB82A00319CE5 /* HomeViewController.m */ = {isa = PBXFileReference; fileEncoding = 4; lastKnownFileType = sourcecode.c.objc; name = HomeViewController.m; path = UI/HomeViewController.m; sourceTree = "<group>"; };
		229A052A160BBB1600319CE5 /* GameTableViewCell.h */ = {isa = PBXFileReference; fileEncoding = 4; lastKnownFileType = sourcecode.c.h; name = GameTableViewCell.h; path = UI/GameTableViewCell.h; sourceTree = "<group>"; };
		229A052B160BBB1600319CE5 /* GameTableViewCell.m */ = {isa = PBXFileReference; fileEncoding = 4; lastKnownFileType = sourcecode.c.objc; name = GameTableViewCell.m; path = UI/GameTableViewCell.m; sourceTree = "<group>"; };
		229A052D160BBB8600319CE5 /* Game.h */ = {isa = PBXFileReference; fileEncoding = 4; lastKnownFileType = sourcecode.c.h; path = Game.h; sourceTree = "<group>"; };
		229A052E160BBB8600319CE5 /* Game.m */ = {isa = PBXFileReference; fileEncoding = 4; lastKnownFileType = sourcecode.c.objc; path = Game.m; sourceTree = "<group>"; };
		229A0530160BBD1F00319CE5 /* GameTableViewDataSource.h */ = {isa = PBXFileReference; fileEncoding = 4; lastKnownFileType = sourcecode.c.h; name = GameTableViewDataSource.h; path = UI/GameTableViewDataSource.h; sourceTree = "<group>"; };
		229A0531160BBD1F00319CE5 /* GameTableViewDataSource.m */ = {isa = PBXFileReference; fileEncoding = 4; lastKnownFileType = sourcecode.c.objc; name = GameTableViewDataSource.m; path = UI/GameTableViewDataSource.m; sourceTree = "<group>"; };
		229A0533160BC21900319CE5 /* EntryTableViewCell.h */ = {isa = PBXFileReference; fileEncoding = 4; lastKnownFileType = sourcecode.c.h; name = EntryTableViewCell.h; path = UI/EntryTableViewCell.h; sourceTree = "<group>"; };
		229A0534160BC21900319CE5 /* EntryTableViewCell.m */ = {isa = PBXFileReference; fileEncoding = 4; lastKnownFileType = sourcecode.c.objc; name = EntryTableViewCell.m; path = UI/EntryTableViewCell.m; sourceTree = "<group>"; };
		229A0536160BC2D600319CE5 /* Entry.h */ = {isa = PBXFileReference; fileEncoding = 4; lastKnownFileType = sourcecode.c.h; path = Entry.h; sourceTree = "<group>"; };
		229A0537160BC2D600319CE5 /* Entry.m */ = {isa = PBXFileReference; fileEncoding = 4; lastKnownFileType = sourcecode.c.objc; path = Entry.m; sourceTree = "<group>"; };
		229A0539160BC3F200319CE5 /* EntryTableViewDataSource.h */ = {isa = PBXFileReference; fileEncoding = 4; lastKnownFileType = sourcecode.c.h; name = EntryTableViewDataSource.h; path = UI/EntryTableViewDataSource.h; sourceTree = "<group>"; };
		229A053A160BC3F200319CE5 /* EntryTableViewDataSource.m */ = {isa = PBXFileReference; fileEncoding = 4; lastKnownFileType = sourcecode.c.objc; name = EntryTableViewDataSource.m; path = UI/EntryTableViewDataSource.m; sourceTree = "<group>"; };
		229A054A160BCC8F00319CE5 /* FacebookSDK.framework */ = {isa = PBXFileReference; lastKnownFileType = wrapper.framework; path = FacebookSDK.framework; sourceTree = "<group>"; };
		229A054C160BCEC300319CE5 /* GameDetailsViewController.h */ = {isa = PBXFileReference; fileEncoding = 4; lastKnownFileType = sourcecode.c.h; name = GameDetailsViewController.h; path = UI/GameDetailsViewController.h; sourceTree = "<group>"; };
		229A054D160BCEC300319CE5 /* GameDetailsViewController.m */ = {isa = PBXFileReference; fileEncoding = 4; lastKnownFileType = sourcecode.c.objc; name = GameDetailsViewController.m; path = UI/GameDetailsViewController.m; sourceTree = "<group>"; };
		22CA62DC160BEAE30095B40D /* Title.h */ = {isa = PBXFileReference; fileEncoding = 4; lastKnownFileType = sourcecode.c.h; path = Title.h; sourceTree = SOURCE_ROOT; };
		22CA62DD160BEAE30095B40D /* Title.m */ = {isa = PBXFileReference; fileEncoding = 4; lastKnownFileType = sourcecode.c.objc; path = Title.m; sourceTree = SOURCE_ROOT; };
		96203BAF160B866B004A9468 /* parzns.app */ = {isa = PBXFileReference; explicitFileType = wrapper.application; includeInIndex = 0; path = parzns.app; sourceTree = BUILT_PRODUCTS_DIR; };
		96203BB3160B866B004A9468 /* UIKit.framework */ = {isa = PBXFileReference; lastKnownFileType = wrapper.framework; name = UIKit.framework; path = System/Library/Frameworks/UIKit.framework; sourceTree = SDKROOT; };
		96203BB5160B866B004A9468 /* Foundation.framework */ = {isa = PBXFileReference; lastKnownFileType = wrapper.framework; name = Foundation.framework; path = System/Library/Frameworks/Foundation.framework; sourceTree = SDKROOT; };
		96203BB7160B866B004A9468 /* CoreGraphics.framework */ = {isa = PBXFileReference; lastKnownFileType = wrapper.framework; name = CoreGraphics.framework; path = System/Library/Frameworks/CoreGraphics.framework; sourceTree = SDKROOT; };
		96203BBB160B866B004A9468 /* parzns-Info.plist */ = {isa = PBXFileReference; lastKnownFileType = text.plist.xml; path = "parzns-Info.plist"; sourceTree = "<group>"; };
		96203BBD160B866B004A9468 /* en */ = {isa = PBXFileReference; lastKnownFileType = text.plist.strings; name = en; path = en.lproj/InfoPlist.strings; sourceTree = "<group>"; };
		96203BBF160B866B004A9468 /* main.m */ = {isa = PBXFileReference; lastKnownFileType = sourcecode.c.objc; path = main.m; sourceTree = "<group>"; };
		96203BC1160B866B004A9468 /* parzns-Prefix.pch */ = {isa = PBXFileReference; lastKnownFileType = sourcecode.c.h; path = "parzns-Prefix.pch"; sourceTree = "<group>"; };
		96203BC2160B866B004A9468 /* AppDelegate.h */ = {isa = PBXFileReference; lastKnownFileType = sourcecode.c.h; path = AppDelegate.h; sourceTree = "<group>"; };
		96203BC3160B866B004A9468 /* AppDelegate.m */ = {isa = PBXFileReference; lastKnownFileType = sourcecode.c.objc; path = AppDelegate.m; sourceTree = "<group>"; };
		96203CA3160BD229004A9468 /* EntryTableViewCell.xib */ = {isa = PBXFileReference; fileEncoding = 4; lastKnownFileType = file.xib; path = EntryTableViewCell.xib; sourceTree = "<group>"; };
		96203CA4160BD229004A9468 /* GameDetails.xib */ = {isa = PBXFileReference; fileEncoding = 4; lastKnownFileType = file.xib; path = GameDetails.xib; sourceTree = "<group>"; };
		96203CA5160BD229004A9468 /* GameTableViewCell.xib */ = {isa = PBXFileReference; fileEncoding = 4; lastKnownFileType = file.xib; path = GameTableViewCell.xib; sourceTree = "<group>"; };
		96203CA6160BD229004A9468 /* Home.xib */ = {isa = PBXFileReference; fileEncoding = 4; lastKnownFileType = file.xib; path = Home.xib; sourceTree = "<group>"; };
		96203CA7160BD229004A9468 /* Title.xib */ = {isa = PBXFileReference; fileEncoding = 4; lastKnownFileType = file.xib; path = Title.xib; sourceTree = "<group>"; };
		96203CB1160BD9DB004A9468 /* JSONKeys.h */ = {isa = PBXFileReference; lastKnownFileType = sourcecode.c.h; path = JSONKeys.h; sourceTree = "<group>"; };
		96203CB3160BE04E004A9468 /* Player.h */ = {isa = PBXFileReference; fileEncoding = 4; lastKnownFileType = sourcecode.c.h; path = Player.h; sourceTree = "<group>"; };
		96203CB4160BE04E004A9468 /* Player.m */ = {isa = PBXFileReference; fileEncoding = 4; lastKnownFileType = sourcecode.c.objc; path = Player.m; sourceTree = "<group>"; };
		96203CB6160BE521004A9468 /* ServerAPI.h */ = {isa = PBXFileReference; fileEncoding = 4; lastKnownFileType = sourcecode.c.h; path = ServerAPI.h; sourceTree = "<group>"; };
		96203CB7160BE521004A9468 /* ServerAPI.m */ = {isa = PBXFileReference; fileEncoding = 4; lastKnownFileType = sourcecode.c.objc; path = ServerAPI.m; sourceTree = "<group>"; };
		96203CC1160BEE51004A9468 /* app_icon_1024x1024.png */ = {isa = PBXFileReference; lastKnownFileType = image.png; path = app_icon_1024x1024.png; sourceTree = "<group>"; };
		96203CC2160BEE51004A9468 /* app_icon_768x1024.png */ = {isa = PBXFileReference; lastKnownFileType = image.png; path = app_icon_768x1024.png; sourceTree = "<group>"; };
		96203CC3160BEE51004A9468 /* button_horizontal_bar.png */ = {isa = PBXFileReference; lastKnownFileType = image.png; path = button_horizontal_bar.png; sourceTree = "<group>"; };
		96203CC4160BEE51004A9468 /* button_new_game.png */ = {isa = PBXFileReference; lastKnownFileType = image.png; path = button_new_game.png; sourceTree = "<group>"; };
		96203CC5160BEE51004A9468 /* button_submit.png */ = {isa = PBXFileReference; lastKnownFileType = image.png; path = button_submit.png; sourceTree = "<group>"; };
		96203CC6160BEE51004A9468 /* button_vote.png */ = {isa = PBXFileReference; lastKnownFileType = image.png; path = button_vote.png; sourceTree = "<group>"; };
		96203CC7160BEE51004A9468 /* input_background.png */ = {isa = PBXFileReference; lastKnownFileType = image.png; path = input_background.png; sourceTree = "<group>"; };
		96203CC9160BEE51004A9468 /* a.png */ = {isa = PBXFileReference; lastKnownFileType = image.png; path = a.png; sourceTree = "<group>"; };
		96203CCA160BEE51004A9468 /* b.png */ = {isa = PBXFileReference; lastKnownFileType = image.png; path = b.png; sourceTree = "<group>"; };
		96203CCB160BEE51004A9468 /* c.png */ = {isa = PBXFileReference; lastKnownFileType = image.png; path = c.png; sourceTree = "<group>"; };
		96203CCC160BEE51004A9468 /* d.png */ = {isa = PBXFileReference; lastKnownFileType = image.png; path = d.png; sourceTree = "<group>"; };
		96203CCD160BEE51004A9468 /* e.png */ = {isa = PBXFileReference; lastKnownFileType = image.png; path = e.png; sourceTree = "<group>"; };
		96203CCE160BEE51004A9468 /* f.png */ = {isa = PBXFileReference; lastKnownFileType = image.png; path = f.png; sourceTree = "<group>"; };
		96203CCF160BEE51004A9468 /* g.png */ = {isa = PBXFileReference; lastKnownFileType = image.png; path = g.png; sourceTree = "<group>"; };
		96203CD0160BEE51004A9468 /* h.png */ = {isa = PBXFileReference; lastKnownFileType = image.png; path = h.png; sourceTree = "<group>"; };
		96203CD1160BEE51004A9468 /* i.png */ = {isa = PBXFileReference; lastKnownFileType = image.png; path = i.png; sourceTree = "<group>"; };
		96203CD2160BEE51004A9468 /* j.png */ = {isa = PBXFileReference; lastKnownFileType = image.png; path = j.png; sourceTree = "<group>"; };
		96203CD3160BEE51004A9468 /* k.png */ = {isa = PBXFileReference; lastKnownFileType = image.png; path = k.png; sourceTree = "<group>"; };
		96203CD4160BEE51004A9468 /* l.png */ = {isa = PBXFileReference; lastKnownFileType = image.png; path = l.png; sourceTree = "<group>"; };
		96203CD5160BEE51004A9468 /* m.png */ = {isa = PBXFileReference; lastKnownFileType = image.png; path = m.png; sourceTree = "<group>"; };
		96203CD6160BEE51004A9468 /* n.png */ = {isa = PBXFileReference; lastKnownFileType = image.png; path = n.png; sourceTree = "<group>"; };
		96203CD7160BEE51004A9468 /* o.png */ = {isa = PBXFileReference; lastKnownFileType = image.png; path = o.png; sourceTree = "<group>"; };
		96203CD8160BEE51004A9468 /* p.png */ = {isa = PBXFileReference; lastKnownFileType = image.png; path = p.png; sourceTree = "<group>"; };
		96203CD9160BEE51004A9468 /* q.png */ = {isa = PBXFileReference; lastKnownFileType = image.png; path = q.png; sourceTree = "<group>"; };
		96203CDA160BEE51004A9468 /* r.png */ = {isa = PBXFileReference; lastKnownFileType = image.png; path = r.png; sourceTree = "<group>"; };
		96203CDB160BEE51004A9468 /* s.png */ = {isa = PBXFileReference; lastKnownFileType = image.png; path = s.png; sourceTree = "<group>"; };
		96203CDC160BEE51004A9468 /* t.png */ = {isa = PBXFileReference; lastKnownFileType = image.png; path = t.png; sourceTree = "<group>"; };
		96203CDD160BEE51004A9468 /* u.png */ = {isa = PBXFileReference; lastKnownFileType = image.png; path = u.png; sourceTree = "<group>"; };
		96203CDE160BEE51004A9468 /* v.png */ = {isa = PBXFileReference; lastKnownFileType = image.png; path = v.png; sourceTree = "<group>"; };
		96203CDF160BEE51004A9468 /* w.png */ = {isa = PBXFileReference; lastKnownFileType = image.png; path = w.png; sourceTree = "<group>"; };
		96203CE0160BEE51004A9468 /* x.png */ = {isa = PBXFileReference; lastKnownFileType = image.png; path = x.png; sourceTree = "<group>"; };
		96203CE1160BEE51004A9468 /* y.png */ = {isa = PBXFileReference; lastKnownFileType = image.png; path = y.png; sourceTree = "<group>"; };
		96203CE2160BEE51004A9468 /* z.png */ = {isa = PBXFileReference; lastKnownFileType = image.png; path = z.png; sourceTree = "<group>"; };
		96203CE3160BEE51004A9468 /* logo.png */ = {isa = PBXFileReference; lastKnownFileType = image.png; path = logo.png; sourceTree = "<group>"; };
		96203CE4160BEE51004A9468 /* phrase.png */ = {isa = PBXFileReference; lastKnownFileType = image.png; path = phrase.png; sourceTree = "<group>"; };
		96203CE5160BEE51004A9468 /* tab_add_coins.png */ = {isa = PBXFileReference; lastKnownFileType = image.png; path = tab_add_coins.png; sourceTree = "<group>"; };
		96203CE6160BEE51004A9468 /* tab_friends.png */ = {isa = PBXFileReference; lastKnownFileType = image.png; path = tab_friends.png; sourceTree = "<group>"; };
		96203CE7160BEE51004A9468 /* tab_play.png */ = {isa = PBXFileReference; lastKnownFileType = image.png; path = tab_play.png; sourceTree = "<group>"; };
		96203CE8160BEE51004A9468 /* logo-final-small.png */ = {isa = PBXFileReference; lastKnownFileType = image.png; path = "logo-final-small.png"; sourceTree = "<group>"; };
		96203CE9160BEE51004A9468 /* logo-final.png */ = {isa = PBXFileReference; lastKnownFileType = image.png; path = "logo-final.png"; sourceTree = "<group>"; };
		96203CEB160BEE51004A9468 /* mobile_input_screen.jpg */ = {isa = PBXFileReference; lastKnownFileType = image.jpeg; path = mobile_input_screen.jpg; sourceTree = "<group>"; };
		96203CEC160BEE51004A9468 /* mobile_title_screen.jpg */ = {isa = PBXFileReference; lastKnownFileType = image.jpeg; path = mobile_title_screen.jpg; sourceTree = "<group>"; };
		96203CED160BEE51004A9468 /* mountain-new2.png */ = {isa = PBXFileReference; lastKnownFileType = image.png; path = "mountain-new2.png"; sourceTree = "<group>"; };
		96203CEE160BEE51004A9468 /* paper2.jpg */ = {isa = PBXFileReference; lastKnownFileType = image.jpeg; path = paper2.jpg; sourceTree = "<group>"; };
/* End PBXFileReference section */

/* Begin PBXFrameworksBuildPhase section */
		96203BAC160B866B004A9468 /* Frameworks */ = {
			isa = PBXFrameworksBuildPhase;
			buildActionMask = 2147483647;
			files = (
				229A054B160BCC8F00319CE5 /* FacebookSDK.framework in Frameworks */,
				96203BB4160B866B004A9468 /* UIKit.framework in Frameworks */,
				96203BB6160B866B004A9468 /* Foundation.framework in Frameworks */,
				96203BB8160B866B004A9468 /* CoreGraphics.framework in Frameworks */,
			);
			runOnlyForDeploymentPostprocessing = 0;
		};
/* End PBXFrameworksBuildPhase section */

/* Begin PBXGroup section */
		0081E1B5160BE89600EB0B05 /* JSON */ = {
			isa = PBXGroup;
			children = (
				0081E1DF160BE8D400EB0B05 /* NSObject+ESJson.h */,
				0081E1E0160BE8D400EB0B05 /* NSObject+ESJson.m */,
				0081E1B7160BE8B200EB0B05 /* ESJSON.h */,
				0081E1B8160BE8B200EB0B05 /* ESJSON.m */,
				0081E1B9160BE8B200EB0B05 /* ESJsonParser.h */,
				0081E1BA160BE8B200EB0B05 /* ESJsonParser.m */,
				0081E1BB160BE8B200EB0B05 /* ESJsonStreamParser.h */,
				0081E1BC160BE8B200EB0B05 /* ESJsonStreamParser.m */,
				0081E1BD160BE8B200EB0B05 /* ESJsonStreamParserAccumulator.h */,
				0081E1BE160BE8B200EB0B05 /* ESJsonStreamParserAccumulator.m */,
				0081E1BF160BE8B200EB0B05 /* ESJsonStreamParserAdapter.h */,
				0081E1C0160BE8B200EB0B05 /* ESJsonStreamParserAdapter.m */,
				0081E1C1160BE8B200EB0B05 /* ESJsonStreamParserState.h */,
				0081E1C2160BE8B200EB0B05 /* ESJsonStreamParserState.m */,
				0081E1C3160BE8B200EB0B05 /* ESJsonStreamWriter.h */,
				0081E1C4160BE8B200EB0B05 /* ESJsonStreamWriter.m */,
				0081E1C5160BE8B200EB0B05 /* ESJsonStreamWriterAccumulator.h */,
				0081E1C6160BE8B200EB0B05 /* ESJsonStreamWriterAccumulator.m */,
				0081E1C7160BE8B200EB0B05 /* ESJsonStreamWriterState.h */,
				0081E1C8160BE8B200EB0B05 /* ESJsonStreamWriterState.m */,
				0081E1C9160BE8B200EB0B05 /* ESJsonTokeniser.h */,
				0081E1CA160BE8B200EB0B05 /* ESJsonTokeniser.m */,
				0081E1CB160BE8B200EB0B05 /* ESJsonUTF8Stream.h */,
				0081E1CC160BE8B200EB0B05 /* ESJsonUTF8Stream.m */,
				0081E1CD160BE8B200EB0B05 /* ESJsonWriter.h */,
				0081E1CE160BE8B200EB0B05 /* ESJsonWriter.m */,
				0081E1CF160BE8B200EB0B05 /* ESSBJson.h */,
			);
			name = JSON;
			sourceTree = "<group>";
		};
		229A0522160BB6FA00319CE5 /* UI */ = {
			isa = PBXGroup;
			children = (
				229A0523160BB82A00319CE5 /* HomeViewController.h */,
				229A0524160BB82A00319CE5 /* HomeViewController.m */,
				229A052A160BBB1600319CE5 /* GameTableViewCell.h */,
				229A052B160BBB1600319CE5 /* GameTableViewCell.m */,
				229A0530160BBD1F00319CE5 /* GameTableViewDataSource.h */,
				229A0531160BBD1F00319CE5 /* GameTableViewDataSource.m */,
				229A0533160BC21900319CE5 /* EntryTableViewCell.h */,
				229A0534160BC21900319CE5 /* EntryTableViewCell.m */,
				229A0539160BC3F200319CE5 /* EntryTableViewDataSource.h */,
				229A053A160BC3F200319CE5 /* EntryTableViewDataSource.m */,
				229A054C160BCEC300319CE5 /* GameDetailsViewController.h */,
				229A054D160BCEC300319CE5 /* GameDetailsViewController.m */,
				96203CB1160BD9DB004A9468 /* JSONKeys.h */,
				96203CB3160BE04E004A9468 /* Player.h */,
				96203CB4160BE04E004A9468 /* Player.m */,
				96203CB6160BE521004A9468 /* ServerAPI.h */,
				96203CB7160BE521004A9468 /* ServerAPI.m */,
			);
			name = UI;
			sourceTree = "<group>";
		};
		96203BA4160B866B004A9468 = {
			isa = PBXGroup;
			children = (
				96203BB9160B866B004A9468 /* parzns */,
				96203BB2160B866B004A9468 /* Frameworks */,
				96203BB0160B866B004A9468 /* Products */,
			);
			sourceTree = "<group>";
		};
		96203BB0160B866B004A9468 /* Products */ = {
			isa = PBXGroup;
			children = (
				96203BAF160B866B004A9468 /* parzns.app */,
			);
			name = Products;
			sourceTree = "<group>";
		};
		96203BB2160B866B004A9468 /* Frameworks */ = {
			isa = PBXGroup;
			children = (
				229A054A160BCC8F00319CE5 /* FacebookSDK.framework */,
				96203BB3160B866B004A9468 /* UIKit.framework */,
				96203BB5160B866B004A9468 /* Foundation.framework */,
				96203BB7160B866B004A9468 /* CoreGraphics.framework */,
			);
			name = Frameworks;
			sourceTree = "<group>";
		};
		96203BB9160B866B004A9468 /* parzns */ = {
			isa = PBXGroup;
			children = (
				22CA62DC160BEAE30095B40D /* Title.h */,
				22CA62DD160BEAE30095B40D /* Title.m */,
				0081E1B5160BE89600EB0B05 /* JSON */,
				96203CA3160BD229004A9468 /* EntryTableViewCell.xib */,
				96203CA4160BD229004A9468 /* GameDetails.xib */,
				96203CA5160BD229004A9468 /* GameTableViewCell.xib */,
				96203CA6160BD229004A9468 /* Home.xib */,
				96203CA7160BD229004A9468 /* Title.xib */,
				229A0522160BB6FA00319CE5 /* UI */,
				96203BC2160B866B004A9468 /* AppDelegate.h */,
				96203BC3160B866B004A9468 /* AppDelegate.m */,
				96203BBA160B866B004A9468 /* Supporting Files */,
				229A052D160BBB8600319CE5 /* Game.h */,
				229A052E160BBB8600319CE5 /* Game.m */,
				229A0536160BC2D600319CE5 /* Entry.h */,
				229A0537160BC2D600319CE5 /* Entry.m */,
			);
			path = parzns;
			sourceTree = "<group>";
		};
		96203BBA160B866B004A9468 /* Supporting Files */ = {
			isa = PBXGroup;
			children = (
				96203CBE160BEE51004A9468 /* art */,
				0081E1DC160BE8BF00EB0B05 /* NetworkConnector.h */,
				0081E1DD160BE8BF00EB0B05 /* NetworkConnector.m */,
				96203BBB160B866B004A9468 /* parzns-Info.plist */,
				96203BBC160B866B004A9468 /* InfoPlist.strings */,
				96203BBF160B866B004A9468 /* main.m */,
				96203BC1160B866B004A9468 /* parzns-Prefix.pch */,
			);
			name = "Supporting Files";
			sourceTree = "<group>";
		};
		96203CBE160BEE51004A9468 /* art */ = {
			isa = PBXGroup;
			children = (
				96203CBF160BEE51004A9468 /* images */,
			);
			name = art;
			path = ../../../art;
			sourceTree = "<group>";
		};
		96203CBF160BEE51004A9468 /* images */ = {
			isa = PBXGroup;
			children = (
				96203CC0160BEE51004A9468 /* final */,
				96203CE8160BEE51004A9468 /* logo-final-small.png */,
				96203CE9160BEE51004A9468 /* logo-final.png */,
				96203CEA160BEE51004A9468 /* mockups */,
				96203CED160BEE51004A9468 /* mountain-new2.png */,
				96203CEE160BEE51004A9468 /* paper2.jpg */,
			);
			path = images;
			sourceTree = "<group>";
		};
		96203CC0160BEE51004A9468 /* final */ = {
			isa = PBXGroup;
			children = (
				96203CC1160BEE51004A9468 /* app_icon_1024x1024.png */,
				96203CC2160BEE51004A9468 /* app_icon_768x1024.png */,
				96203CC3160BEE51004A9468 /* button_horizontal_bar.png */,
				96203CC4160BEE51004A9468 /* button_new_game.png */,
				96203CC5160BEE51004A9468 /* button_submit.png */,
				96203CC6160BEE51004A9468 /* button_vote.png */,
				96203CC7160BEE51004A9468 /* input_background.png */,
				96203CC8160BEE51004A9468 /* letters */,
				96203CE3160BEE51004A9468 /* logo.png */,
				96203CE4160BEE51004A9468 /* phrase.png */,
				96203CE5160BEE51004A9468 /* tab_add_coins.png */,
				96203CE6160BEE51004A9468 /* tab_friends.png */,
				96203CE7160BEE51004A9468 /* tab_play.png */,
			);
			path = final;
			sourceTree = "<group>";
		};
		96203CC8160BEE51004A9468 /* letters */ = {
			isa = PBXGroup;
			children = (
				96203CC9160BEE51004A9468 /* a.png */,
				96203CCA160BEE51004A9468 /* b.png */,
				96203CCB160BEE51004A9468 /* c.png */,
				96203CCC160BEE51004A9468 /* d.png */,
				96203CCD160BEE51004A9468 /* e.png */,
				96203CCE160BEE51004A9468 /* f.png */,
				96203CCF160BEE51004A9468 /* g.png */,
				96203CD0160BEE51004A9468 /* h.png */,
				96203CD1160BEE51004A9468 /* i.png */,
				96203CD2160BEE51004A9468 /* j.png */,
				96203CD3160BEE51004A9468 /* k.png */,
				96203CD4160BEE51004A9468 /* l.png */,
				96203CD5160BEE51004A9468 /* m.png */,
				96203CD6160BEE51004A9468 /* n.png */,
				96203CD7160BEE51004A9468 /* o.png */,
				96203CD8160BEE51004A9468 /* p.png */,
				96203CD9160BEE51004A9468 /* q.png */,
				96203CDA160BEE51004A9468 /* r.png */,
				96203CDB160BEE51004A9468 /* s.png */,
				96203CDC160BEE51004A9468 /* t.png */,
				96203CDD160BEE51004A9468 /* u.png */,
				96203CDE160BEE51004A9468 /* v.png */,
				96203CDF160BEE51004A9468 /* w.png */,
				96203CE0160BEE51004A9468 /* x.png */,
				96203CE1160BEE51004A9468 /* y.png */,
				96203CE2160BEE51004A9468 /* z.png */,
			);
			path = letters;
			sourceTree = "<group>";
		};
		96203CEA160BEE51004A9468 /* mockups */ = {
			isa = PBXGroup;
			children = (
				96203CEB160BEE51004A9468 /* mobile_input_screen.jpg */,
				96203CEC160BEE51004A9468 /* mobile_title_screen.jpg */,
			);
			path = mockups;
			sourceTree = "<group>";
		};
/* End PBXGroup section */

/* Begin PBXNativeTarget section */
		96203BAE160B866B004A9468 /* parzns */ = {
			isa = PBXNativeTarget;
			buildConfigurationList = 96203BD0160B866B004A9468 /* Build configuration list for PBXNativeTarget "parzns" */;
			buildPhases = (
				96203BAB160B866B004A9468 /* Sources */,
				96203BAC160B866B004A9468 /* Frameworks */,
				96203BAD160B866B004A9468 /* Resources */,
			);
			buildRules = (
			);
			dependencies = (
			);
			name = parzns;
			productName = parzns;
			productReference = 96203BAF160B866B004A9468 /* parzns.app */;
			productType = "com.apple.product-type.application";
		};
/* End PBXNativeTarget section */

/* Begin PBXProject section */
		96203BA6160B866B004A9468 /* Project object */ = {
			isa = PBXProject;
			attributes = {
				LastUpgradeCheck = 0430;
			};
			buildConfigurationList = 96203BA9160B866B004A9468 /* Build configuration list for PBXProject "parzns" */;
			compatibilityVersion = "Xcode 3.2";
			developmentRegion = English;
			hasScannedForEncodings = 0;
			knownRegions = (
				en,
			);
			mainGroup = 96203BA4160B866B004A9468;
			productRefGroup = 96203BB0160B866B004A9468 /* Products */;
			projectDirPath = "";
			projectRoot = "";
			targets = (
				96203BAE160B866B004A9468 /* parzns */,
			);
		};
/* End PBXProject section */

/* Begin PBXResourcesBuildPhase section */
		96203BAD160B866B004A9468 /* Resources */ = {
			isa = PBXResourcesBuildPhase;
			buildActionMask = 2147483647;
			files = (
				96203BBE160B866B004A9468 /* InfoPlist.strings in Resources */,
				22CA62CA160BDB920095B40D /* Title.xib in Resources */,
				22CA62CB160BDB960095B40D /* EntryTableViewCell.xib in Resources */,
				22CA62CC160BDB960095B40D /* GameDetails.xib in Resources */,
				22CA62CD160BDB960095B40D /* GameTableViewCell.xib in Resources */,
				22CA62CE160BDB960095B40D /* Home.xib in Resources */,
				96203CEF160BEE51004A9468 /* app_icon_1024x1024.png in Resources */,
				96203CF0160BEE51004A9468 /* app_icon_768x1024.png in Resources */,
				96203CF1160BEE51004A9468 /* button_horizontal_bar.png in Resources */,
				96203CF2160BEE51004A9468 /* button_new_game.png in Resources */,
				96203CF3160BEE51004A9468 /* button_submit.png in Resources */,
				96203CF4160BEE51004A9468 /* button_vote.png in Resources */,
				96203CF5160BEE51004A9468 /* input_background.png in Resources */,
				96203CF6160BEE51004A9468 /* a.png in Resources */,
				96203CF7160BEE51004A9468 /* b.png in Resources */,
				96203CF8160BEE51004A9468 /* c.png in Resources */,
				96203CF9160BEE51004A9468 /* d.png in Resources */,
				96203CFA160BEE51004A9468 /* e.png in Resources */,
				96203CFB160BEE51004A9468 /* f.png in Resources */,
				96203CFC160BEE51004A9468 /* g.png in Resources */,
				96203CFD160BEE51004A9468 /* h.png in Resources */,
				96203CFE160BEE51004A9468 /* i.png in Resources */,
				96203CFF160BEE51004A9468 /* j.png in Resources */,
				96203D00160BEE51004A9468 /* k.png in Resources */,
				96203D01160BEE51004A9468 /* l.png in Resources */,
				96203D02160BEE51004A9468 /* m.png in Resources */,
				96203D03160BEE51004A9468 /* n.png in Resources */,
				96203D04160BEE51004A9468 /* o.png in Resources */,
				96203D05160BEE51004A9468 /* p.png in Resources */,
				96203D06160BEE51004A9468 /* q.png in Resources */,
				96203D07160BEE51004A9468 /* r.png in Resources */,
				96203D08160BEE51004A9468 /* s.png in Resources */,
				96203D09160BEE51004A9468 /* t.png in Resources */,
				96203D0A160BEE51004A9468 /* u.png in Resources */,
				96203D0B160BEE51004A9468 /* v.png in Resources */,
				96203D0C160BEE51004A9468 /* w.png in Resources */,
				96203D0D160BEE51004A9468 /* x.png in Resources */,
				96203D0E160BEE51004A9468 /* y.png in Resources */,
				96203D0F160BEE51004A9468 /* z.png in Resources */,
				96203D10160BEE51004A9468 /* logo.png in Resources */,
				96203D11160BEE51004A9468 /* phrase.png in Resources */,
				96203D12160BEE51004A9468 /* tab_add_coins.png in Resources */,
				96203D13160BEE51004A9468 /* tab_friends.png in Resources */,
				96203D14160BEE51004A9468 /* tab_play.png in Resources */,
				96203D15160BEE51004A9468 /* logo-final-small.png in Resources */,
				96203D16160BEE51004A9468 /* logo-final.png in Resources */,
				96203D17160BEE51004A9468 /* mobile_input_screen.jpg in Resources */,
				96203D18160BEE51004A9468 /* mobile_title_screen.jpg in Resources */,
				96203D19160BEE51004A9468 /* mountain-new2.png in Resources */,
				96203D1A160BEE51004A9468 /* paper2.jpg in Resources */,
			);
			runOnlyForDeploymentPostprocessing = 0;
		};
/* End PBXResourcesBuildPhase section */

/* Begin PBXSourcesBuildPhase section */
		96203BAB160B866B004A9468 /* Sources */ = {
			isa = PBXSourcesBuildPhase;
			buildActionMask = 2147483647;
			files = (
				96203BC0160B866B004A9468 /* main.m in Sources */,
				96203BC4160B866B004A9468 /* AppDelegate.m in Sources */,
				229A0525160BB82A00319CE5 /* HomeViewController.m in Sources */,
				229A052C160BBB1600319CE5 /* GameTableViewCell.m in Sources */,
				229A052F160BBB8600319CE5 /* Game.m in Sources */,
				229A0532160BBD1F00319CE5 /* GameTableViewDataSource.m in Sources */,
				229A0535160BC21900319CE5 /* EntryTableViewCell.m in Sources */,
				229A0538160BC2D600319CE5 /* Entry.m in Sources */,
				229A053B160BC3F300319CE5 /* EntryTableViewDataSource.m in Sources */,
				229A054E160BCEC400319CE5 /* GameDetailsViewController.m in Sources */,
				96203CB5160BE04E004A9468 /* Player.m in Sources */,
				96203CB8160BE521004A9468 /* ServerAPI.m in Sources */,
				0081E1D0160BE8B200EB0B05 /* ESJSON.m in Sources */,
				0081E1D1160BE8B200EB0B05 /* ESJsonParser.m in Sources */,
				0081E1D2160BE8B200EB0B05 /* ESJsonStreamParser.m in Sources */,
				0081E1D3160BE8B200EB0B05 /* ESJsonStreamParserAccumulator.m in Sources */,
				0081E1D4160BE8B200EB0B05 /* ESJsonStreamParserAdapter.m in Sources */,
				0081E1D5160BE8B200EB0B05 /* ESJsonStreamParserState.m in Sources */,
				0081E1D6160BE8B200EB0B05 /* ESJsonStreamWriter.m in Sources */,
				0081E1D7160BE8B200EB0B05 /* ESJsonStreamWriterAccumulator.m in Sources */,
				0081E1D8160BE8B200EB0B05 /* ESJsonStreamWriterState.m in Sources */,
				0081E1D9160BE8B200EB0B05 /* ESJsonTokeniser.m in Sources */,
				0081E1DA160BE8B200EB0B05 /* ESJsonUTF8Stream.m in Sources */,
				0081E1DB160BE8B200EB0B05 /* ESJsonWriter.m in Sources */,
				0081E1DE160BE8BF00EB0B05 /* NetworkConnector.m in Sources */,
				0081E1E1160BE8D400EB0B05 /* NSObject+ESJson.m in Sources */,
				22CA62DE160BEAE30095B40D /* Title.m in Sources */,
			);
			runOnlyForDeploymentPostprocessing = 0;
		};
/* End PBXSourcesBuildPhase section */

/* Begin PBXVariantGroup section */
		96203BBC160B866B004A9468 /* InfoPlist.strings */ = {
			isa = PBXVariantGroup;
			children = (
				96203BBD160B866B004A9468 /* en */,
			);
			name = InfoPlist.strings;
			sourceTree = "<group>";
		};
/* End PBXVariantGroup section */

/* Begin XCBuildConfiguration section */
		96203BCE160B866B004A9468 /* Debug */ = {
			isa = XCBuildConfiguration;
			buildSettings = {
				ALWAYS_SEARCH_USER_PATHS = NO;
				ARCHS = "$(ARCHS_STANDARD_32_BIT)";
				CLANG_ENABLE_OBJC_ARC = YES;
				"CODE_SIGN_IDENTITY[sdk=iphoneos*]" = "iPhone Developer";
				COPY_PHASE_STRIP = NO;
				GCC_C_LANGUAGE_STANDARD = gnu99;
				GCC_DYNAMIC_NO_PIC = NO;
				GCC_OPTIMIZATION_LEVEL = 0;
				GCC_PREPROCESSOR_DEFINITIONS = (
					"DEBUG=1",
					"$(inherited)",
				);
				GCC_SYMBOLS_PRIVATE_EXTERN = NO;
				GCC_VERSION = com.apple.compilers.llvm.clang.1_0;
				GCC_WARN_ABOUT_RETURN_TYPE = YES;
				GCC_WARN_UNINITIALIZED_AUTOS = YES;
				GCC_WARN_UNUSED_VARIABLE = YES;
				IPHONEOS_DEPLOYMENT_TARGET = 5.1;
				SDKROOT = iphoneos;
				TARGETED_DEVICE_FAMILY = "1,2";
			};
			name = Debug;
		};
		96203BCF160B866B004A9468 /* Release */ = {
			isa = XCBuildConfiguration;
			buildSettings = {
				ALWAYS_SEARCH_USER_PATHS = NO;
				ARCHS = "$(ARCHS_STANDARD_32_BIT)";
				CLANG_ENABLE_OBJC_ARC = YES;
				"CODE_SIGN_IDENTITY[sdk=iphoneos*]" = "iPhone Developer";
				COPY_PHASE_STRIP = YES;
				GCC_C_LANGUAGE_STANDARD = gnu99;
				GCC_VERSION = com.apple.compilers.llvm.clang.1_0;
				GCC_WARN_ABOUT_RETURN_TYPE = YES;
				GCC_WARN_UNINITIALIZED_AUTOS = YES;
				GCC_WARN_UNUSED_VARIABLE = YES;
				IPHONEOS_DEPLOYMENT_TARGET = 5.1;
				OTHER_CFLAGS = "-DNS_BLOCK_ASSERTIONS=1";
				SDKROOT = iphoneos;
				TARGETED_DEVICE_FAMILY = "1,2";
				VALIDATE_PRODUCT = YES;
			};
			name = Release;
		};
		96203BD1160B866B004A9468 /* Debug */ = {
			isa = XCBuildConfiguration;
			buildSettings = {
				FRAMEWORK_SEARCH_PATHS = (
					"$(inherited)",
					"\"$(SRCROOT)\"",
				);
				GCC_PRECOMPILE_PREFIX_HEADER = YES;
				GCC_PREFIX_HEADER = "parzns/parzns-Prefix.pch";
				INFOPLIST_FILE = "parzns/parzns-Info.plist";
				IPHONEOS_DEPLOYMENT_TARGET = 5.1;
				ONLY_ACTIVE_ARCH = YES;
				OTHER_LDFLAGS = "-lsqlite3.0";
				PRODUCT_NAME = "$(TARGET_NAME)";
				TARGETED_DEVICE_FAMILY = 2;
				WRAPPER_EXTENSION = app;
			};
			name = Debug;
		};
		96203BD2160B866B004A9468 /* Release */ = {
			isa = XCBuildConfiguration;
			buildSettings = {
				FRAMEWORK_SEARCH_PATHS = (
					"$(inherited)",
					"\"$(SRCROOT)\"",
				);
				GCC_PRECOMPILE_PREFIX_HEADER = YES;
				GCC_PREFIX_HEADER = "parzns/parzns-Prefix.pch";
				INFOPLIST_FILE = "parzns/parzns-Info.plist";
				IPHONEOS_DEPLOYMENT_TARGET = 5.1;
				ONLY_ACTIVE_ARCH = YES;
				OTHER_LDFLAGS = "-lsqlite3.0";
				PRODUCT_NAME = "$(TARGET_NAME)";
				TARGETED_DEVICE_FAMILY = 2;
				WRAPPER_EXTENSION = app;
			};
			name = Release;
		};
/* End XCBuildConfiguration section */

/* Begin XCConfigurationList section */
		96203BA9160B866B004A9468 /* Build configuration list for PBXProject "parzns" */ = {
			isa = XCConfigurationList;
			buildConfigurations = (
				96203BCE160B866B004A9468 /* Debug */,
				96203BCF160B866B004A9468 /* Release */,
			);
			defaultConfigurationIsVisible = 0;
			defaultConfigurationName = Release;
		};
		96203BD0160B866B004A9468 /* Build configuration list for PBXNativeTarget "parzns" */ = {
			isa = XCConfigurationList;
			buildConfigurations = (
				96203BD1160B866B004A9468 /* Debug */,
				96203BD2160B866B004A9468 /* Release */,
			);
			defaultConfigurationIsVisible = 0;
			defaultConfigurationName = Release;
		};
/* End XCConfigurationList section */
	};
	rootObject = 96203BA6160B866B004A9468 /* Project object */;
}
