// !$*UTF8*$!
{
	archiveVersion = 1;
	classes = {
	};
	objectVersion = 46;
	objects = {

/* Begin PBXBuildFile section */
		0081E06D160BBFED00EB0B05 /* Title.m in Sources */ = {isa = PBXBuildFile; fileRef = 0081E06B160BBFED00EB0B05 /* Title.m */; };
		229A0525160BB82A00319CE5 /* HomeViewController.m in Sources */ = {isa = PBXBuildFile; fileRef = 229A0524160BB82A00319CE5 /* HomeViewController.m */; };
		229A052C160BBB1600319CE5 /* GameTableViewCell.m in Sources */ = {isa = PBXBuildFile; fileRef = 229A052B160BBB1600319CE5 /* GameTableViewCell.m */; };
		229A052F160BBB8600319CE5 /* Game.m in Sources */ = {isa = PBXBuildFile; fileRef = 229A052E160BBB8600319CE5 /* Game.m */; };
		229A0532160BBD1F00319CE5 /* GameTableViewDataSource.m in Sources */ = {isa = PBXBuildFile; fileRef = 229A0531160BBD1F00319CE5 /* GameTableViewDataSource.m */; };
		229A0535160BC21900319CE5 /* EntryTableViewCell.m in Sources */ = {isa = PBXBuildFile; fileRef = 229A0534160BC21900319CE5 /* EntryTableViewCell.m */; };
		229A0538160BC2D600319CE5 /* Entry.m in Sources */ = {isa = PBXBuildFile; fileRef = 229A0537160BC2D600319CE5 /* Entry.m */; };
		229A053B160BC3F300319CE5 /* EntryTableViewDataSource.m in Sources */ = {isa = PBXBuildFile; fileRef = 229A053A160BC3F200319CE5 /* EntryTableViewDataSource.m */; };
		229A054B160BCC8F00319CE5 /* FacebookSDK.framework in Frameworks */ = {isa = PBXBuildFile; fileRef = 229A054A160BCC8F00319CE5 /* FacebookSDK.framework */; };
		229A054E160BCEC400319CE5 /* GameDetailsViewController.m in Sources */ = {isa = PBXBuildFile; fileRef = 229A054D160BCEC300319CE5 /* GameDetailsViewController.m */; };
		22CA62CA160BDB920095B40D /* Title.xib in Resources */ = {isa = PBXBuildFile; fileRef = 96203CA7160BD229004A9468 /* Title.xib */; };
		22CA62CB160BDB960095B40D /* EntryTableViewCell.xib in Resources */ = {isa = PBXBuildFile; fileRef = 96203CA3160BD229004A9468 /* EntryTableViewCell.xib */; };
		22CA62CC160BDB960095B40D /* GameDetails.xib in Resources */ = {isa = PBXBuildFile; fileRef = 96203CA4160BD229004A9468 /* GameDetails.xib */; };
		22CA62CD160BDB960095B40D /* GameTableViewCell.xib in Resources */ = {isa = PBXBuildFile; fileRef = 96203CA5160BD229004A9468 /* GameTableViewCell.xib */; };
		22CA62CE160BDB960095B40D /* Home.xib in Resources */ = {isa = PBXBuildFile; fileRef = 96203CA6160BD229004A9468 /* Home.xib */; };
		96203BB4160B866B004A9468 /* UIKit.framework in Frameworks */ = {isa = PBXBuildFile; fileRef = 96203BB3160B866B004A9468 /* UIKit.framework */; };
		96203BB6160B866B004A9468 /* Foundation.framework in Frameworks */ = {isa = PBXBuildFile; fileRef = 96203BB5160B866B004A9468 /* Foundation.framework */; };
		96203BB8160B866B004A9468 /* CoreGraphics.framework in Frameworks */ = {isa = PBXBuildFile; fileRef = 96203BB7160B866B004A9468 /* CoreGraphics.framework */; };
		96203BBE160B866B004A9468 /* InfoPlist.strings in Resources */ = {isa = PBXBuildFile; fileRef = 96203BBC160B866B004A9468 /* InfoPlist.strings */; };
		96203BC0160B866B004A9468 /* main.m in Sources */ = {isa = PBXBuildFile; fileRef = 96203BBF160B866B004A9468 /* main.m */; };
		96203BC4160B866B004A9468 /* AppDelegate.m in Sources */ = {isa = PBXBuildFile; fileRef = 96203BC3160B866B004A9468 /* AppDelegate.m */; };
		96203C98160BD090004A9468 /* app_icon_1024x1024.png in Resources */ = {isa = PBXBuildFile; fileRef = 96203C8E160BD090004A9468 /* app_icon_1024x1024.png */; };
		96203C99160BD090004A9468 /* app_icon_768x1024.png in Resources */ = {isa = PBXBuildFile; fileRef = 96203C8F160BD090004A9468 /* app_icon_768x1024.png */; };
		96203C9A160BD090004A9468 /* logo.png in Resources */ = {isa = PBXBuildFile; fileRef = 96203C90160BD090004A9468 /* logo.png */; };
		96203C9B160BD090004A9468 /* tab_add_coins.png in Resources */ = {isa = PBXBuildFile; fileRef = 96203C91160BD090004A9468 /* tab_add_coins.png */; };
		96203C9C160BD090004A9468 /* tab_friends.png in Resources */ = {isa = PBXBuildFile; fileRef = 96203C92160BD090004A9468 /* tab_friends.png */; };
		96203C9D160BD090004A9468 /* tab_play.png in Resources */ = {isa = PBXBuildFile; fileRef = 96203C93160BD090004A9468 /* tab_play.png */; };
		96203C9E160BD090004A9468 /* logo-final-small.png in Resources */ = {isa = PBXBuildFile; fileRef = 96203C94160BD090004A9468 /* logo-final-small.png */; };
		96203C9F160BD090004A9468 /* logo-final.png in Resources */ = {isa = PBXBuildFile; fileRef = 96203C95160BD090004A9468 /* logo-final.png */; };
		96203CA0160BD090004A9468 /* mountain-new2.png in Resources */ = {isa = PBXBuildFile; fileRef = 96203C96160BD090004A9468 /* mountain-new2.png */; };
		96203CA1160BD090004A9468 /* paper2.jpg in Resources */ = {isa = PBXBuildFile; fileRef = 96203C97160BD090004A9468 /* paper2.jpg */; };
/* End PBXBuildFile section */

/* Begin PBXFileReference section */
		0081E06A160BBFED00EB0B05 /* Title.h */ = {isa = PBXFileReference; fileEncoding = 4; lastKnownFileType = sourcecode.c.h; name = Title.h; path = ../Title.h; sourceTree = "<group>"; };
		0081E06B160BBFED00EB0B05 /* Title.m */ = {isa = PBXFileReference; fileEncoding = 4; lastKnownFileType = sourcecode.c.objc; name = Title.m; path = ../Title.m; sourceTree = "<group>"; };
		229A0523160BB82A00319CE5 /* HomeViewController.h */ = {isa = PBXFileReference; fileEncoding = 4; lastKnownFileType = sourcecode.c.h; name = HomeViewController.h; path = UI/HomeViewController.h; sourceTree = "<group>"; };
		229A0524160BB82A00319CE5 /* HomeViewController.m */ = {isa = PBXFileReference; fileEncoding = 4; lastKnownFileType = sourcecode.c.objc; name = HomeViewController.m; path = UI/HomeViewController.m; sourceTree = "<group>"; };
		229A052A160BBB1600319CE5 /* GameTableViewCell.h */ = {isa = PBXFileReference; fileEncoding = 4; lastKnownFileType = sourcecode.c.h; name = GameTableViewCell.h; path = UI/GameTableViewCell.h; sourceTree = "<group>"; };
		229A052B160BBB1600319CE5 /* GameTableViewCell.m */ = {isa = PBXFileReference; fileEncoding = 4; lastKnownFileType = sourcecode.c.objc; name = GameTableViewCell.m; path = UI/GameTableViewCell.m; sourceTree = "<group>"; };
		229A052D160BBB8600319CE5 /* Game.h */ = {isa = PBXFileReference; fileEncoding = 4; lastKnownFileType = sourcecode.c.h; path = Game.h; sourceTree = "<group>"; };
		229A052E160BBB8600319CE5 /* Game.m */ = {isa = PBXFileReference; fileEncoding = 4; lastKnownFileType = sourcecode.c.objc; path = Game.m; sourceTree = "<group>"; };
		229A0530160BBD1F00319CE5 /* GameTableViewDataSource.h */ = {isa = PBXFileReference; fileEncoding = 4; lastKnownFileType = sourcecode.c.h; name = GameTableViewDataSource.h; path = UI/GameTableViewDataSource.h; sourceTree = "<group>"; };
		229A0531160BBD1F00319CE5 /* GameTableViewDataSource.m */ = {isa = PBXFileReference; fileEncoding = 4; lastKnownFileType = sourcecode.c.objc; name = GameTableViewDataSource.m; path = UI/GameTableViewDataSource.m; sourceTree = "<group>"; };
		229A0533160BC21900319CE5 /* EntryTableViewCell.h */ = {isa = PBXFileReference; fileEncoding = 4; lastKnownFileType = sourcecode.c.h; name = EntryTableViewCell.h; path = UI/EntryTableViewCell.h; sourceTree = "<group>"; };
		229A0534160BC21900319CE5 /* EntryTableViewCell.m */ = {isa = PBXFileReference; fileEncoding = 4; lastKnownFileType = sourcecode.c.objc; name = EntryTableViewCell.m; path = UI/EntryTableViewCell.m; sourceTree = "<group>"; };
		229A0536160BC2D600319CE5 /* Entry.h */ = {isa = PBXFileReference; fileEncoding = 4; lastKnownFileType = sourcecode.c.h; path = Entry.h; sourceTree = "<group>"; };
		229A0537160BC2D600319CE5 /* Entry.m */ = {isa = PBXFileReference; fileEncoding = 4; lastKnownFileType = sourcecode.c.objc; path = Entry.m; sourceTree = "<group>"; };
		229A0539160BC3F200319CE5 /* EntryTableViewDataSource.h */ = {isa = PBXFileReference; fileEncoding = 4; lastKnownFileType = sourcecode.c.h; name = EntryTableViewDataSource.h; path = UI/EntryTableViewDataSource.h; sourceTree = "<group>"; };
		229A053A160BC3F200319CE5 /* EntryTableViewDataSource.m */ = {isa = PBXFileReference; fileEncoding = 4; lastKnownFileType = sourcecode.c.objc; name = EntryTableViewDataSource.m; path = UI/EntryTableViewDataSource.m; sourceTree = "<group>"; };
		229A054A160BCC8F00319CE5 /* FacebookSDK.framework */ = {isa = PBXFileReference; lastKnownFileType = wrapper.framework; path = FacebookSDK.framework; sourceTree = "<group>"; };
		229A054C160BCEC300319CE5 /* GameDetailsViewController.h */ = {isa = PBXFileReference; fileEncoding = 4; lastKnownFileType = sourcecode.c.h; name = GameDetailsViewController.h; path = UI/GameDetailsViewController.h; sourceTree = "<group>"; };
		229A054D160BCEC300319CE5 /* GameDetailsViewController.m */ = {isa = PBXFileReference; fileEncoding = 4; lastKnownFileType = sourcecode.c.objc; name = GameDetailsViewController.m; path = UI/GameDetailsViewController.m; sourceTree = "<group>"; };
		96203BAF160B866B004A9468 /* parzns.app */ = {isa = PBXFileReference; explicitFileType = wrapper.application; includeInIndex = 0; path = parzns.app; sourceTree = BUILT_PRODUCTS_DIR; };
		96203BB3160B866B004A9468 /* UIKit.framework */ = {isa = PBXFileReference; lastKnownFileType = wrapper.framework; name = UIKit.framework; path = System/Library/Frameworks/UIKit.framework; sourceTree = SDKROOT; };
		96203BB5160B866B004A9468 /* Foundation.framework */ = {isa = PBXFileReference; lastKnownFileType = wrapper.framework; name = Foundation.framework; path = System/Library/Frameworks/Foundation.framework; sourceTree = SDKROOT; };
		96203BB7160B866B004A9468 /* CoreGraphics.framework */ = {isa = PBXFileReference; lastKnownFileType = wrapper.framework; name = CoreGraphics.framework; path = System/Library/Frameworks/CoreGraphics.framework; sourceTree = SDKROOT; };
		96203BBB160B866B004A9468 /* parzns-Info.plist */ = {isa = PBXFileReference; lastKnownFileType = text.plist.xml; path = "parzns-Info.plist"; sourceTree = "<group>"; };
		96203BBD160B866B004A9468 /* en */ = {isa = PBXFileReference; lastKnownFileType = text.plist.strings; name = en; path = en.lproj/InfoPlist.strings; sourceTree = "<group>"; };
		96203BBF160B866B004A9468 /* main.m */ = {isa = PBXFileReference; lastKnownFileType = sourcecode.c.objc; path = main.m; sourceTree = "<group>"; };
		96203BC1160B866B004A9468 /* parzns-Prefix.pch */ = {isa = PBXFileReference; lastKnownFileType = sourcecode.c.h; path = "parzns-Prefix.pch"; sourceTree = "<group>"; };
		96203BC2160B866B004A9468 /* AppDelegate.h */ = {isa = PBXFileReference; lastKnownFileType = sourcecode.c.h; path = AppDelegate.h; sourceTree = "<group>"; };
		96203BC3160B866B004A9468 /* AppDelegate.m */ = {isa = PBXFileReference; lastKnownFileType = sourcecode.c.objc; path = AppDelegate.m; sourceTree = "<group>"; };
		96203C8E160BD090004A9468 /* app_icon_1024x1024.png */ = {isa = PBXFileReference; lastKnownFileType = image.png; path = app_icon_1024x1024.png; sourceTree = "<group>"; };
		96203C8F160BD090004A9468 /* app_icon_768x1024.png */ = {isa = PBXFileReference; lastKnownFileType = image.png; path = app_icon_768x1024.png; sourceTree = "<group>"; };
		96203C90160BD090004A9468 /* logo.png */ = {isa = PBXFileReference; lastKnownFileType = image.png; path = logo.png; sourceTree = "<group>"; };
		96203C91160BD090004A9468 /* tab_add_coins.png */ = {isa = PBXFileReference; lastKnownFileType = image.png; path = tab_add_coins.png; sourceTree = "<group>"; };
		96203C92160BD090004A9468 /* tab_friends.png */ = {isa = PBXFileReference; lastKnownFileType = image.png; path = tab_friends.png; sourceTree = "<group>"; };
		96203C93160BD090004A9468 /* tab_play.png */ = {isa = PBXFileReference; lastKnownFileType = image.png; path = tab_play.png; sourceTree = "<group>"; };
		96203C94160BD090004A9468 /* logo-final-small.png */ = {isa = PBXFileReference; lastKnownFileType = image.png; path = "logo-final-small.png"; sourceTree = "<group>"; };
		96203C95160BD090004A9468 /* logo-final.png */ = {isa = PBXFileReference; lastKnownFileType = image.png; path = "logo-final.png"; sourceTree = "<group>"; };
		96203C96160BD090004A9468 /* mountain-new2.png */ = {isa = PBXFileReference; lastKnownFileType = image.png; path = "mountain-new2.png"; sourceTree = "<group>"; };
		96203C97160BD090004A9468 /* paper2.jpg */ = {isa = PBXFileReference; lastKnownFileType = image.jpeg; path = paper2.jpg; sourceTree = "<group>"; };
		96203CA3160BD229004A9468 /* EntryTableViewCell.xib */ = {isa = PBXFileReference; fileEncoding = 4; lastKnownFileType = file.xib; path = EntryTableViewCell.xib; sourceTree = "<group>"; };
		96203CA4160BD229004A9468 /* GameDetails.xib */ = {isa = PBXFileReference; fileEncoding = 4; lastKnownFileType = file.xib; path = GameDetails.xib; sourceTree = "<group>"; };
		96203CA5160BD229004A9468 /* GameTableViewCell.xib */ = {isa = PBXFileReference; fileEncoding = 4; lastKnownFileType = file.xib; path = GameTableViewCell.xib; sourceTree = "<group>"; };
		96203CA6160BD229004A9468 /* Home.xib */ = {isa = PBXFileReference; fileEncoding = 4; lastKnownFileType = file.xib; path = Home.xib; sourceTree = "<group>"; };
		96203CA7160BD229004A9468 /* Title.xib */ = {isa = PBXFileReference; fileEncoding = 4; lastKnownFileType = file.xib; path = Title.xib; sourceTree = "<group>"; };
		96203CB1160BD9DB004A9468 /* JSONKeys.h */ = {isa = PBXFileReference; lastKnownFileType = sourcecode.c.h; path = JSONKeys.h; sourceTree = "<group>"; };
/* End PBXFileReference section */

/* Begin PBXFrameworksBuildPhase section */
		96203BAC160B866B004A9468 /* Frameworks */ = {
			isa = PBXFrameworksBuildPhase;
			buildActionMask = 2147483647;
			files = (
				229A054B160BCC8F00319CE5 /* FacebookSDK.framework in Frameworks */,
				96203BB4160B866B004A9468 /* UIKit.framework in Frameworks */,
				96203BB6160B866B004A9468 /* Foundation.framework in Frameworks */,
				96203BB8160B866B004A9468 /* CoreGraphics.framework in Frameworks */,
			);
			runOnlyForDeploymentPostprocessing = 0;
		};
/* End PBXFrameworksBuildPhase section */

/* Begin PBXGroup section */
		229A0522160BB6FA00319CE5 /* UI */ = {
			isa = PBXGroup;
			children = (
				229A0523160BB82A00319CE5 /* HomeViewController.h */,
				229A0524160BB82A00319CE5 /* HomeViewController.m */,
				229A052A160BBB1600319CE5 /* GameTableViewCell.h */,
				229A052B160BBB1600319CE5 /* GameTableViewCell.m */,
				229A0530160BBD1F00319CE5 /* GameTableViewDataSource.h */,
				229A0531160BBD1F00319CE5 /* GameTableViewDataSource.m */,
				229A0533160BC21900319CE5 /* EntryTableViewCell.h */,
				229A0534160BC21900319CE5 /* EntryTableViewCell.m */,
				229A0539160BC3F200319CE5 /* EntryTableViewDataSource.h */,
				229A053A160BC3F200319CE5 /* EntryTableViewDataSource.m */,
				229A054C160BCEC300319CE5 /* GameDetailsViewController.h */,
				229A054D160BCEC300319CE5 /* GameDetailsViewController.m */,
				96203CB1160BD9DB004A9468 /* JSONKeys.h */,
			);
			name = UI;
			sourceTree = "<group>";
		};
		96203BA4160B866B004A9468 = {
			isa = PBXGroup;
			children = (
				96203BB9160B866B004A9468 /* parzns */,
				96203BB2160B866B004A9468 /* Frameworks */,
				96203BB0160B866B004A9468 /* Products */,
			);
			sourceTree = "<group>";
		};
		96203BB0160B866B004A9468 /* Products */ = {
			isa = PBXGroup;
			children = (
				96203BAF160B866B004A9468 /* parzns.app */,
			);
			name = Products;
			sourceTree = "<group>";
		};
		96203BB2160B866B004A9468 /* Frameworks */ = {
			isa = PBXGroup;
			children = (
				229A054A160BCC8F00319CE5 /* FacebookSDK.framework */,
				96203BB3160B866B004A9468 /* UIKit.framework */,
				96203BB5160B866B004A9468 /* Foundation.framework */,
				96203BB7160B866B004A9468 /* CoreGraphics.framework */,
			);
			name = Frameworks;
			sourceTree = "<group>";
		};
		96203BB9160B866B004A9468 /* parzns */ = {
			isa = PBXGroup;
			children = (
				96203CA3160BD229004A9468 /* EntryTableViewCell.xib */,
				96203CA4160BD229004A9468 /* GameDetails.xib */,
				96203CA5160BD229004A9468 /* GameTableViewCell.xib */,
				96203CA6160BD229004A9468 /* Home.xib */,
				96203CA7160BD229004A9468 /* Title.xib */,
				229A0522160BB6FA00319CE5 /* UI */,
				0081E06A160BBFED00EB0B05 /* Title.h */,
				0081E06B160BBFED00EB0B05 /* Title.m */,
				96203BC2160B866B004A9468 /* AppDelegate.h */,
				96203BC3160B866B004A9468 /* AppDelegate.m */,
				96203BBA160B866B004A9468 /* Supporting Files */,
				229A052D160BBB8600319CE5 /* Game.h */,
				229A052E160BBB8600319CE5 /* Game.m */,
				229A0536160BC2D600319CE5 /* Entry.h */,
				229A0537160BC2D600319CE5 /* Entry.m */,
			);
			path = parzns;
			sourceTree = "<group>";
		};
		96203BBA160B866B004A9468 /* Supporting Files */ = {
			isa = PBXGroup;
			children = (
				96203C8B160BD090004A9468 /* art */,
				96203BBB160B866B004A9468 /* parzns-Info.plist */,
				96203BBC160B866B004A9468 /* InfoPlist.strings */,
				96203BBF160B866B004A9468 /* main.m */,
				96203BC1160B866B004A9468 /* parzns-Prefix.pch */,
			);
			name = "Supporting Files";
			sourceTree = "<group>";
		};
		96203C8B160BD090004A9468 /* art */ = {
			isa = PBXGroup;
			children = (
				96203C8C160BD090004A9468 /* images */,
			);
			name = art;
			path = ../../../art;
			sourceTree = "<group>";
		};
		96203C8C160BD090004A9468 /* images */ = {
			isa = PBXGroup;
			children = (
				96203C8D160BD090004A9468 /* final */,
				96203C94160BD090004A9468 /* logo-final-small.png */,
				96203C95160BD090004A9468 /* logo-final.png */,
				96203C96160BD090004A9468 /* mountain-new2.png */,
				96203C97160BD090004A9468 /* paper2.jpg */,
			);
			path = images;
			sourceTree = "<group>";
		};
		96203C8D160BD090004A9468 /* final */ = {
			isa = PBXGroup;
			children = (
				96203C8E160BD090004A9468 /* app_icon_1024x1024.png */,
				96203C8F160BD090004A9468 /* app_icon_768x1024.png */,
				96203C90160BD090004A9468 /* logo.png */,
				96203C91160BD090004A9468 /* tab_add_coins.png */,
				96203C92160BD090004A9468 /* tab_friends.png */,
				96203C93160BD090004A9468 /* tab_play.png */,
			);
			path = final;
			sourceTree = "<group>";
		};
/* End PBXGroup section */

/* Begin PBXNativeTarget section */
		96203BAE160B866B004A9468 /* parzns */ = {
			isa = PBXNativeTarget;
			buildConfigurationList = 96203BD0160B866B004A9468 /* Build configuration list for PBXNativeTarget "parzns" */;
			buildPhases = (
				96203BAB160B866B004A9468 /* Sources */,
				96203BAC160B866B004A9468 /* Frameworks */,
				96203BAD160B866B004A9468 /* Resources */,
			);
			buildRules = (
			);
			dependencies = (
			);
			name = parzns;
			productName = parzns;
			productReference = 96203BAF160B866B004A9468 /* parzns.app */;
			productType = "com.apple.product-type.application";
		};
/* End PBXNativeTarget section */

/* Begin PBXProject section */
		96203BA6160B866B004A9468 /* Project object */ = {
			isa = PBXProject;
			attributes = {
				LastUpgradeCheck = 0430;
			};
			buildConfigurationList = 96203BA9160B866B004A9468 /* Build configuration list for PBXProject "parzns" */;
			compatibilityVersion = "Xcode 3.2";
			developmentRegion = English;
			hasScannedForEncodings = 0;
			knownRegions = (
				en,
			);
			mainGroup = 96203BA4160B866B004A9468;
			productRefGroup = 96203BB0160B866B004A9468 /* Products */;
			projectDirPath = "";
			projectRoot = "";
			targets = (
				96203BAE160B866B004A9468 /* parzns */,
			);
		};
/* End PBXProject section */

/* Begin PBXResourcesBuildPhase section */
		96203BAD160B866B004A9468 /* Resources */ = {
			isa = PBXResourcesBuildPhase;
			buildActionMask = 2147483647;
			files = (
				96203BBE160B866B004A9468 /* InfoPlist.strings in Resources */,
				96203C98160BD090004A9468 /* app_icon_1024x1024.png in Resources */,
				96203C99160BD090004A9468 /* app_icon_768x1024.png in Resources */,
				96203C9A160BD090004A9468 /* logo.png in Resources */,
				96203C9B160BD090004A9468 /* tab_add_coins.png in Resources */,
				96203C9C160BD090004A9468 /* tab_friends.png in Resources */,
				96203C9D160BD090004A9468 /* tab_play.png in Resources */,
				96203C9E160BD090004A9468 /* logo-final-small.png in Resources */,
				96203C9F160BD090004A9468 /* logo-final.png in Resources */,
				96203CA0160BD090004A9468 /* mountain-new2.png in Resources */,
				96203CA1160BD090004A9468 /* paper2.jpg in Resources */,
				22CA62CA160BDB920095B40D /* Title.xib in Resources */,
				22CA62CB160BDB960095B40D /* EntryTableViewCell.xib in Resources */,
				22CA62CC160BDB960095B40D /* GameDetails.xib in Resources */,
				22CA62CD160BDB960095B40D /* GameTableViewCell.xib in Resources */,
				22CA62CE160BDB960095B40D /* Home.xib in Resources */,
			);
			runOnlyForDeploymentPostprocessing = 0;
		};
/* End PBXResourcesBuildPhase section */

/* Begin PBXSourcesBuildPhase section */
		96203BAB160B866B004A9468 /* Sources */ = {
			isa = PBXSourcesBuildPhase;
			buildActionMask = 2147483647;
			files = (
				96203BC0160B866B004A9468 /* main.m in Sources */,
				96203BC4160B866B004A9468 /* AppDelegate.m in Sources */,
				229A0525160BB82A00319CE5 /* HomeViewController.m in Sources */,
				229A052C160BBB1600319CE5 /* GameTableViewCell.m in Sources */,
				229A052F160BBB8600319CE5 /* Game.m in Sources */,
				229A0532160BBD1F00319CE5 /* GameTableViewDataSource.m in Sources */,
				229A0535160BC21900319CE5 /* EntryTableViewCell.m in Sources */,
				229A0538160BC2D600319CE5 /* Entry.m in Sources */,
				229A053B160BC3F300319CE5 /* EntryTableViewDataSource.m in Sources */,
				229A054E160BCEC400319CE5 /* GameDetailsViewController.m in Sources */,
				0081E06D160BBFED00EB0B05 /* Title.m in Sources */,
			);
			runOnlyForDeploymentPostprocessing = 0;
		};
/* End PBXSourcesBuildPhase section */

/* Begin PBXVariantGroup section */
		96203BBC160B866B004A9468 /* InfoPlist.strings */ = {
			isa = PBXVariantGroup;
			children = (
				96203BBD160B866B004A9468 /* en */,
			);
			name = InfoPlist.strings;
			sourceTree = "<group>";
		};
/* End PBXVariantGroup section */

/* Begin XCBuildConfiguration section */
		96203BCE160B866B004A9468 /* Debug */ = {
			isa = XCBuildConfiguration;
			buildSettings = {
				ALWAYS_SEARCH_USER_PATHS = NO;
				ARCHS = "$(ARCHS_STANDARD_32_BIT)";
				CLANG_ENABLE_OBJC_ARC = YES;
				"CODE_SIGN_IDENTITY[sdk=iphoneos*]" = "iPhone Developer";
				COPY_PHASE_STRIP = NO;
				GCC_C_LANGUAGE_STANDARD = gnu99;
				GCC_DYNAMIC_NO_PIC = NO;
				GCC_OPTIMIZATION_LEVEL = 0;
				GCC_PREPROCESSOR_DEFINITIONS = (
					"DEBUG=1",
					"$(inherited)",
				);
				GCC_SYMBOLS_PRIVATE_EXTERN = NO;
				GCC_VERSION = com.apple.compilers.llvm.clang.1_0;
				GCC_WARN_ABOUT_RETURN_TYPE = YES;
				GCC_WARN_UNINITIALIZED_AUTOS = YES;
				GCC_WARN_UNUSED_VARIABLE = YES;
				IPHONEOS_DEPLOYMENT_TARGET = 5.1;
				SDKROOT = iphoneos;
				TARGETED_DEVICE_FAMILY = "1,2";
			};
			name = Debug;
		};
		96203BCF160B866B004A9468 /* Release */ = {
			isa = XCBuildConfiguration;
			buildSettings = {
				ALWAYS_SEARCH_USER_PATHS = NO;
				ARCHS = "$(ARCHS_STANDARD_32_BIT)";
				CLANG_ENABLE_OBJC_ARC = YES;
				"CODE_SIGN_IDENTITY[sdk=iphoneos*]" = "iPhone Developer";
				COPY_PHASE_STRIP = YES;
				GCC_C_LANGUAGE_STANDARD = gnu99;
				GCC_VERSION = com.apple.compilers.llvm.clang.1_0;
				GCC_WARN_ABOUT_RETURN_TYPE = YES;
				GCC_WARN_UNINITIALIZED_AUTOS = YES;
				GCC_WARN_UNUSED_VARIABLE = YES;
				IPHONEOS_DEPLOYMENT_TARGET = 5.1;
				OTHER_CFLAGS = "-DNS_BLOCK_ASSERTIONS=1";
				SDKROOT = iphoneos;
				TARGETED_DEVICE_FAMILY = "1,2";
				VALIDATE_PRODUCT = YES;
			};
			name = Release;
		};
		96203BD1160B866B004A9468 /* Debug */ = {
			isa = XCBuildConfiguration;
			buildSettings = {
				FRAMEWORK_SEARCH_PATHS = (
					"$(inherited)",
					"\"$(SRCROOT)\"",
				);
				GCC_PRECOMPILE_PREFIX_HEADER = YES;
				GCC_PREFIX_HEADER = "parzns/parzns-Prefix.pch";
				INFOPLIST_FILE = "parzns/parzns-Info.plist";
				IPHONEOS_DEPLOYMENT_TARGET = 5.1;
				ONLY_ACTIVE_ARCH = YES;
				OTHER_LDFLAGS = "-lsqlite3.0";
				PRODUCT_NAME = "$(TARGET_NAME)";
				TARGETED_DEVICE_FAMILY = 2;
				WRAPPER_EXTENSION = app;
			};
			name = Debug;
		};
		96203BD2160B866B004A9468 /* Release */ = {
			isa = XCBuildConfiguration;
			buildSettings = {
				FRAMEWORK_SEARCH_PATHS = (
					"$(inherited)",
					"\"$(SRCROOT)\"",
				);
				GCC_PRECOMPILE_PREFIX_HEADER = YES;
				GCC_PREFIX_HEADER = "parzns/parzns-Prefix.pch";
				INFOPLIST_FILE = "parzns/parzns-Info.plist";
				IPHONEOS_DEPLOYMENT_TARGET = 5.1;
				ONLY_ACTIVE_ARCH = YES;
				OTHER_LDFLAGS = "-lsqlite3.0";
				PRODUCT_NAME = "$(TARGET_NAME)";
				TARGETED_DEVICE_FAMILY = 2;
				WRAPPER_EXTENSION = app;
			};
			name = Release;
		};
/* End XCBuildConfiguration section */

/* Begin XCConfigurationList section */
		96203BA9160B866B004A9468 /* Build configuration list for PBXProject "parzns" */ = {
			isa = XCConfigurationList;
			buildConfigurations = (
				96203BCE160B866B004A9468 /* Debug */,
				96203BCF160B866B004A9468 /* Release */,
			);
			defaultConfigurationIsVisible = 0;
			defaultConfigurationName = Release;
		};
		96203BD0160B866B004A9468 /* Build configuration list for PBXNativeTarget "parzns" */ = {
			isa = XCConfigurationList;
			buildConfigurations = (
				96203BD1160B866B004A9468 /* Debug */,
				96203BD2160B866B004A9468 /* Release */,
			);
			defaultConfigurationIsVisible = 0;
			defaultConfigurationName = Release;
		};
/* End XCConfigurationList section */
	};
	rootObject = 96203BA6160B866B004A9468 /* Project object */;
}
